
Microsoft Visual Studio Solution File, Format Version 12.00
# Visual Studio Version 16
VisualStudioVersion = 16.0.31702.278
MinimumVisualStudioVersion = 10.0.40219.1
Project("{FAE04EC0-301F-11D3-BF4B-00C04F79EFBC}") = "Rusu_Lorena_Lab5", "Rusu_Lorena_Lab5.csproj", "{004F9E78-9071-46DF-B6A9-B3BA2B02A13E}"
EndProject
Project("{FAE04EC0-301F-11D3-BF4B-00C04F79EFBC}") = "AutoLotModel", "..\AutoLotModel\AutoLotModel.csproj", "{D4E86DB5-9952-4630-BC9A-694BE1AB8952}"
EndProject
Global
	GlobalSection(SolutionConfigurationPlatforms) = preSolution
		Debug|Any CPU = Debug|Any CPU
		Release|Any CPU = Release|Any CPU
	EndGlobalSection
	GlobalSection(ProjectConfigurationPlatforms) = postSolution
		{004F9E78-9071-46DF-B6A9-B3BA2B02A13E}.Debug|Any CPU.ActiveCfg = Debug|Any CPU
		{004F9E78-9071-46DF-B6A9-B3BA2B02A13E}.Debug|Any CPU.Build.0 = Debug|Any CPU
		{004F9E78-9071-46DF-B6A9-B3BA2B02A13E}.Release|Any CPU.ActiveCfg = Release|Any CPU
		{004F9E78-9071-46DF-B6A9-B3BA2B02A13E}.Release|Any CPU.Build.0 = Release|Any CPU
		{D4E86DB5-9952-4630-BC9A-694BE1AB8952}.Debug|Any CPU.ActiveCfg = Debug|Any CPU
		{D4E86DB5-9952-4630-BC9A-694BE1AB8952}.Debug|Any CPU.Build.0 = Debug|Any CPU
		{D4E86DB5-9952-4630-BC9A-694BE1AB8952}.Release|Any CPU.ActiveCfg = Release|Any CPU
		{D4E86DB5-9952-4630-BC9A-694BE1AB8952}.Release|Any CPU.Build.0 = Release|Any CPU
	EndGlobalSection
	GlobalSection(SolutionProperties) = preSolution
		HideSolutionNode = FALSE
	EndGlobalSection
	GlobalSection(ExtensibilityGlobals) = postSolution
		SolutionGuid = {C393C5BA-BFBC-4290-9EDA-74D36B8636E0}
	EndGlobalSection
EndGlobal
